
Microsoft Visual Studio Solution File, Format Version 12.00
# Visual Studio Version 17
VisualStudioVersion = 17.7.34009.444
MinimumVisualStudioVersion = 10.0.40219.1
Project("{FAE04EC0-301F-11D3-BF4B-00C04F79EFBC}") = "ProgrammingAdvent2020", "ProgrammingAdvent2020.csproj", "{38B324F9-0DBA-441D-85AF-46741A7AEECE}"
EndProject
Global
	GlobalSection(SolutionConfigurationPlatforms) = preSolution
		Debug|Any CPU = Debug|Any CPU
		Release|Any CPU = Release|Any CPU
	EndGlobalSection
	GlobalSection(ProjectConfigurationPlatforms) = postSolution
		{38B324F9-0DBA-441D-85AF-46741A7AEECE}.Debug|Any CPU.ActiveCfg = Debug|Any CPU
		{38B324F9-0DBA-441D-85AF-46741A7AEECE}.Debug|Any CPU.Build.0 = Debug|Any CPU
		{38B324F9-0DBA-441D-85AF-46741A7AEECE}.Release|Any CPU.ActiveCfg = Release|Any CPU
		{38B324F9-0DBA-441D-85AF-46741A7AEECE}.Release|Any CPU.Build.0 = Release|Any CPU
	EndGlobalSection
	GlobalSection(SolutionProperties) = preSolution
		HideSolutionNode = FALSE
	EndGlobalSection
	GlobalSection(ExtensibilityGlobals) = postSolution
		SolutionGuid = {18D99E38-D30B-47BD-9B15-A617BB30E30E}
	EndGlobalSection
EndGlobal
